# This file was autogenerated by Stack.
# You should not edit this file by hand.
# For more information, please see the documentation at:
#   https://docs.haskellstack.org/en/stable/lock_files

packages:
- completed:
    hackage: gloss-1.11.1.1@sha256:6b5f8428b204b2c8fecba0b3dc5f49278d5c57a0003e59c46b16b356a770adaf,3840
    pantry-tree:
      size: 3560
      sha256: da644db78189792a4e7b9628ce02968407554f99b38c47807529cfb2048e7c17
  original:
    hackage: gloss-1.11.1.1
- completed:
    hackage: gloss-juicy-0.2.2@sha256:9b001284579fca311f8775442bf284bfde66791ae98098bd96b227af31e815b6,1560
    pantry-tree:
      size: 273
      sha256: 89ff74f17337f3661482c80f05d981bb090323af264deaad86d0244ef145b092
  original:
    hackage: gloss-juicy-0.2.2
- completed:
    hackage: gloss-rendering-1.11.1.1@sha256:8b840a25ce790d449df2941a2092e49d29867eb4cf282a65b34bb748e006a8fc,1528
    pantry-tree:
      size: 895
      sha256: d6cd7471b3f92445dab11791633948ac51abc934b0e3b2919533d6b60beb2e7f
  original:
    hackage: gloss-rendering-1.11.1.1
snapshots:
- completed:
    size: 517993
    url: https://raw.githubusercontent.com/commercialhaskell/stackage-snapshots/master/lts/8/23.yaml
    sha256: da2ea0a098b806b1fb33b66b795a356cab650fd269cf4b00bb78f3bd321a4174
  original: lts-8.23
